
Microsoft Visual Studio Solution File, Format Version 11.00
# Visual Studio 2010
Project("{FAE04EC0-301F-11D3-BF4B-00C04F79EFBC}") = "ZombieEnhanced", "ZombieEnhanced.csproj", "{FFA82030-00C8-4AEC-B9BC-31B8395709F5}"
EndProject
Global
	GlobalSection(SolutionConfigurationPlatforms) = preSolution
		Debug|Any CPU = Debug|Any CPU
		Release|Any CPU = Release|Any CPU
	EndGlobalSection
	GlobalSection(ProjectConfigurationPlatforms) = postSolution
		{FFA82030-00C8-4AEC-B9BC-31B8395709F5}.Debug|Any CPU.ActiveCfg = Debug|Any CPU
		{FFA82030-00C8-4AEC-B9BC-31B8395709F5}.Debug|Any CPU.Build.0 = Debug|Any CPU
		{FFA82030-00C8-4AEC-B9BC-31B8395709F5}.Release|Any CPU.ActiveCfg = Release|Any CPU
		{FFA82030-00C8-4AEC-B9BC-31B8395709F5}.Release|Any CPU.Build.0 = Release|Any CPU
	EndGlobalSection
	GlobalSection(SolutionProperties) = preSolution
		HideSolutionNode = FALSE
	EndGlobalSection
EndGlobal
